
Microsoft Visual Studio Solution File, Format Version 12.00
# Visual Studio Version 17
VisualStudioVersion = 17.7.34018.315
MinimumVisualStudioVersion = 10.0.40219.1
Project("{9A19103F-16F7-4668-BE54-9A1E7A4F7556}") = "uyg01", "uyg01\uyg01.csproj", "{422BA46C-1060-4D80-A411-5397D749F01A}"
EndProject
Project("{9A19103F-16F7-4668-BE54-9A1E7A4F7556}") = "uyg02", "uyg02\uyg02.csproj", "{414C5271-7FD6-4A22-9FBA-5B2BC29C08B3}"
EndProject
Project("{9A19103F-16F7-4668-BE54-9A1E7A4F7556}") = "uyg03", "uyg03\uyg03.csproj", "{A68E3B91-1474-486B-A34D-81DE87DDE235}"
EndProject
Project("{9A19103F-16F7-4668-BE54-9A1E7A4F7556}") = "uyg04", "uyg04\uyg04.csproj", "{4C0124B1-56F7-49C3-8C2A-D042F3A2560F}"
EndProject
Project("{9A19103F-16F7-4668-BE54-9A1E7A4F7556}") = "uyg05", "uyg05\uyg05.csproj", "{B7B1A00C-D307-4C35-A783-4C02F57F194A}"
EndProject
Project("{9A19103F-16F7-4668-BE54-9A1E7A4F7556}") = "uyg06", "uyg06\uyg06.csproj", "{84D0E23B-5BED-458A-994C-02BFCBDB64B6}"
EndProject
Project("{9A19103F-16F7-4668-BE54-9A1E7A4F7556}") = "uyg07", "uyg07\uyg07.csproj", "{AC004E82-78F7-478C-B993-82EA3A9084C3}"
EndProject
Project("{9A19103F-16F7-4668-BE54-9A1E7A4F7556}") = "uyg08", "uyg08\uyg08.csproj", "{B01F0369-E1F1-4680-A6C6-5A5898505746}"
EndProject
Project("{9A19103F-16F7-4668-BE54-9A1E7A4F7556}") = "uyg09", "uyg09\uyg09.csproj", "{CDE8EB6F-9CB4-41C8-A005-A2132F372399}"
EndProject
Project("{9A19103F-16F7-4668-BE54-9A1E7A4F7556}") = "uyg10", "uyg10\uyg10.csproj", "{CD9DA74C-CA76-4E9B-9F3E-3BA3FD576323}"
EndProject
Project("{9A19103F-16F7-4668-BE54-9A1E7A4F7556}") = "uyg10b", "uyg10b\uyg10b.csproj", "{64116330-457D-4AD9-81D7-0F4F8D1128AA}"
EndProject
Project("{9A19103F-16F7-4668-BE54-9A1E7A4F7556}") = "uyg11", "uyg11\uyg11.csproj", "{EBBB51F9-22A7-4A9A-8D07-F6DF5C8BB44E}"
EndProject
Project("{9A19103F-16F7-4668-BE54-9A1E7A4F7556}") = "uyg12", "uyg12\uyg12.csproj", "{516D3EB4-B403-4F5C-BAB4-E894CB1EB3C7}"
EndProject
Project("{9A19103F-16F7-4668-BE54-9A1E7A4F7556}") = "uyg13", "uyg13\uyg13.csproj", "{A94519D4-9F77-4C50-9708-BDE0CD4539F7}"
EndProject
Project("{FAE04EC0-301F-11D3-BF4B-00C04F79EFBC}") = "uyg14", "uyg14\uyg14.csproj", "{0864E18E-B4A4-4589-9C9E-6BB00755AD62}"
EndProject
Project("{FAE04EC0-301F-11D3-BF4B-00C04F79EFBC}") = "uyg15", "uyg15\uyg15.csproj", "{E8A12572-F1C4-48CA-A686-7F02F3738526}"
EndProject
Global
	GlobalSection(SolutionConfigurationPlatforms) = preSolution
		Debug|Any CPU = Debug|Any CPU
		Release|Any CPU = Release|Any CPU
	EndGlobalSection
	GlobalSection(ProjectConfigurationPlatforms) = postSolution
		{422BA46C-1060-4D80-A411-5397D749F01A}.Debug|Any CPU.ActiveCfg = Debug|Any CPU
		{422BA46C-1060-4D80-A411-5397D749F01A}.Debug|Any CPU.Build.0 = Debug|Any CPU
		{422BA46C-1060-4D80-A411-5397D749F01A}.Release|Any CPU.ActiveCfg = Release|Any CPU
		{422BA46C-1060-4D80-A411-5397D749F01A}.Release|Any CPU.Build.0 = Release|Any CPU
		{414C5271-7FD6-4A22-9FBA-5B2BC29C08B3}.Debug|Any CPU.ActiveCfg = Debug|Any CPU
		{414C5271-7FD6-4A22-9FBA-5B2BC29C08B3}.Debug|Any CPU.Build.0 = Debug|Any CPU
		{414C5271-7FD6-4A22-9FBA-5B2BC29C08B3}.Release|Any CPU.ActiveCfg = Release|Any CPU
		{414C5271-7FD6-4A22-9FBA-5B2BC29C08B3}.Release|Any CPU.Build.0 = Release|Any CPU
		{A68E3B91-1474-486B-A34D-81DE87DDE235}.Debug|Any CPU.ActiveCfg = Debug|Any CPU
		{A68E3B91-1474-486B-A34D-81DE87DDE235}.Debug|Any CPU.Build.0 = Debug|Any CPU
		{A68E3B91-1474-486B-A34D-81DE87DDE235}.Release|Any CPU.ActiveCfg = Release|Any CPU
		{A68E3B91-1474-486B-A34D-81DE87DDE235}.Release|Any CPU.Build.0 = Release|Any CPU
		{4C0124B1-56F7-49C3-8C2A-D042F3A2560F}.Debug|Any CPU.ActiveCfg = Debug|Any CPU
		{4C0124B1-56F7-49C3-8C2A-D042F3A2560F}.Debug|Any CPU.Build.0 = Debug|Any CPU
		{4C0124B1-56F7-49C3-8C2A-D042F3A2560F}.Release|Any CPU.ActiveCfg = Release|Any CPU
		{4C0124B1-56F7-49C3-8C2A-D042F3A2560F}.Release|Any CPU.Build.0 = Release|Any CPU
		{B7B1A00C-D307-4C35-A783-4C02F57F194A}.Debug|Any CPU.ActiveCfg = Debug|Any CPU
		{B7B1A00C-D307-4C35-A783-4C02F57F194A}.Debug|Any CPU.Build.0 = Debug|Any CPU
		{B7B1A00C-D307-4C35-A783-4C02F57F194A}.Release|Any CPU.ActiveCfg = Release|Any CPU
		{B7B1A00C-D307-4C35-A783-4C02F57F194A}.Release|Any CPU.Build.0 = Release|Any CPU
		{84D0E23B-5BED-458A-994C-02BFCBDB64B6}.Debug|Any CPU.ActiveCfg = Debug|Any CPU
		{84D0E23B-5BED-458A-994C-02BFCBDB64B6}.Debug|Any CPU.Build.0 = Debug|Any CPU
		{84D0E23B-5BED-458A-994C-02BFCBDB64B6}.Release|Any CPU.ActiveCfg = Release|Any CPU
		{84D0E23B-5BED-458A-994C-02BFCBDB64B6}.Release|Any CPU.Build.0 = Release|Any CPU
		{AC004E82-78F7-478C-B993-82EA3A9084C3}.Debug|Any CPU.ActiveCfg = Debug|Any CPU
		{AC004E82-78F7-478C-B993-82EA3A9084C3}.Debug|Any CPU.Build.0 = Debug|Any CPU
		{AC004E82-78F7-478C-B993-82EA3A9084C3}.Release|Any CPU.ActiveCfg = Release|Any CPU
		{AC004E82-78F7-478C-B993-82EA3A9084C3}.Release|Any CPU.Build.0 = Release|Any CPU
		{B01F0369-E1F1-4680-A6C6-5A5898505746}.Debug|Any CPU.ActiveCfg = Debug|Any CPU
		{B01F0369-E1F1-4680-A6C6-5A5898505746}.Debug|Any CPU.Build.0 = Debug|Any CPU
		{B01F0369-E1F1-4680-A6C6-5A5898505746}.Release|Any CPU.ActiveCfg = Release|Any CPU
		{B01F0369-E1F1-4680-A6C6-5A5898505746}.Release|Any CPU.Build.0 = Release|Any CPU
		{CDE8EB6F-9CB4-41C8-A005-A2132F372399}.Debug|Any CPU.ActiveCfg = Debug|Any CPU
		{CDE8EB6F-9CB4-41C8-A005-A2132F372399}.Debug|Any CPU.Build.0 = Debug|Any CPU
		{CDE8EB6F-9CB4-41C8-A005-A2132F372399}.Release|Any CPU.ActiveCfg = Release|Any CPU
		{CDE8EB6F-9CB4-41C8-A005-A2132F372399}.Release|Any CPU.Build.0 = Release|Any CPU
		{CD9DA74C-CA76-4E9B-9F3E-3BA3FD576323}.Debug|Any CPU.ActiveCfg = Debug|Any CPU
		{CD9DA74C-CA76-4E9B-9F3E-3BA3FD576323}.Debug|Any CPU.Build.0 = Debug|Any CPU
		{CD9DA74C-CA76-4E9B-9F3E-3BA3FD576323}.Release|Any CPU.ActiveCfg = Release|Any CPU
		{CD9DA74C-CA76-4E9B-9F3E-3BA3FD576323}.Release|Any CPU.Build.0 = Release|Any CPU
		{64116330-457D-4AD9-81D7-0F4F8D1128AA}.Debug|Any CPU.ActiveCfg = Debug|Any CPU
		{64116330-457D-4AD9-81D7-0F4F8D1128AA}.Debug|Any CPU.Build.0 = Debug|Any CPU
		{64116330-457D-4AD9-81D7-0F4F8D1128AA}.Release|Any CPU.ActiveCfg = Release|Any CPU
		{64116330-457D-4AD9-81D7-0F4F8D1128AA}.Release|Any CPU.Build.0 = Release|Any CPU
		{EBBB51F9-22A7-4A9A-8D07-F6DF5C8BB44E}.Debug|Any CPU.ActiveCfg = Debug|Any CPU
		{EBBB51F9-22A7-4A9A-8D07-F6DF5C8BB44E}.Debug|Any CPU.Build.0 = Debug|Any CPU
		{EBBB51F9-22A7-4A9A-8D07-F6DF5C8BB44E}.Release|Any CPU.ActiveCfg = Release|Any CPU
		{EBBB51F9-22A7-4A9A-8D07-F6DF5C8BB44E}.Release|Any CPU.Build.0 = Release|Any CPU
		{516D3EB4-B403-4F5C-BAB4-E894CB1EB3C7}.Debug|Any CPU.ActiveCfg = Debug|Any CPU
		{516D3EB4-B403-4F5C-BAB4-E894CB1EB3C7}.Debug|Any CPU.Build.0 = Debug|Any CPU
		{516D3EB4-B403-4F5C-BAB4-E894CB1EB3C7}.Release|Any CPU.ActiveCfg = Release|Any CPU
		{516D3EB4-B403-4F5C-BAB4-E894CB1EB3C7}.Release|Any CPU.Build.0 = Release|Any CPU
		{A94519D4-9F77-4C50-9708-BDE0CD4539F7}.Debug|Any CPU.ActiveCfg = Debug|Any CPU
		{A94519D4-9F77-4C50-9708-BDE0CD4539F7}.Debug|Any CPU.Build.0 = Debug|Any CPU
		{A94519D4-9F77-4C50-9708-BDE0CD4539F7}.Release|Any CPU.ActiveCfg = Release|Any CPU
		{A94519D4-9F77-4C50-9708-BDE0CD4539F7}.Release|Any CPU.Build.0 = Release|Any CPU
		{0864E18E-B4A4-4589-9C9E-6BB00755AD62}.Debug|Any CPU.ActiveCfg = Debug|Any CPU
		{0864E18E-B4A4-4589-9C9E-6BB00755AD62}.Debug|Any CPU.Build.0 = Debug|Any CPU
		{0864E18E-B4A4-4589-9C9E-6BB00755AD62}.Release|Any CPU.ActiveCfg = Release|Any CPU
		{0864E18E-B4A4-4589-9C9E-6BB00755AD62}.Release|Any CPU.Build.0 = Release|Any CPU
		{E8A12572-F1C4-48CA-A686-7F02F3738526}.Debug|Any CPU.ActiveCfg = Debug|Any CPU
		{E8A12572-F1C4-48CA-A686-7F02F3738526}.Debug|Any CPU.Build.0 = Debug|Any CPU
		{E8A12572-F1C4-48CA-A686-7F02F3738526}.Release|Any CPU.ActiveCfg = Release|Any CPU
		{E8A12572-F1C4-48CA-A686-7F02F3738526}.Release|Any CPU.Build.0 = Release|Any CPU
	EndGlobalSection
	GlobalSection(SolutionProperties) = preSolution
		HideSolutionNode = FALSE
	EndGlobalSection
	GlobalSection(ExtensibilityGlobals) = postSolution
		SolutionGuid = {A89E47A9-12E7-41BF-A26A-3B0CC1E6FFBA}
	EndGlobalSection
EndGlobal
