
Microsoft Visual Studio Solution File, Format Version 12.00
# Visual Studio Version 17
VisualStudioVersion = 17.7.34018.315
MinimumVisualStudioVersion = 10.0.40219.1
Project("{9A19103F-16F7-4668-BE54-9A1E7A4F7556}") = "uyg01", "uyg01\uyg01.csproj", "{422BA46C-1060-4D80-A411-5397D749F01A}"
EndProject
Project("{9A19103F-16F7-4668-BE54-9A1E7A4F7556}") = "uyg02", "uyg02\uyg02.csproj", "{414C5271-7FD6-4A22-9FBA-5B2BC29C08B3}"
EndProject
Project("{FAE04EC0-301F-11D3-BF4B-00C04F79EFBC}") = "uyg03", "uyg03\uyg03.csproj", "{A68E3B91-1474-486B-A34D-81DE87DDE235}"
EndProject
Global
	GlobalSection(SolutionConfigurationPlatforms) = preSolution
		Debug|Any CPU = Debug|Any CPU
		Release|Any CPU = Release|Any CPU
	EndGlobalSection
	GlobalSection(ProjectConfigurationPlatforms) = postSolution
		{422BA46C-1060-4D80-A411-5397D749F01A}.Debug|Any CPU.ActiveCfg = Debug|Any CPU
		{422BA46C-1060-4D80-A411-5397D749F01A}.Debug|Any CPU.Build.0 = Debug|Any CPU
		{422BA46C-1060-4D80-A411-5397D749F01A}.Release|Any CPU.ActiveCfg = Release|Any CPU
		{422BA46C-1060-4D80-A411-5397D749F01A}.Release|Any CPU.Build.0 = Release|Any CPU
		{414C5271-7FD6-4A22-9FBA-5B2BC29C08B3}.Debug|Any CPU.ActiveCfg = Debug|Any CPU
		{414C5271-7FD6-4A22-9FBA-5B2BC29C08B3}.Debug|Any CPU.Build.0 = Debug|Any CPU
		{414C5271-7FD6-4A22-9FBA-5B2BC29C08B3}.Release|Any CPU.ActiveCfg = Release|Any CPU
		{414C5271-7FD6-4A22-9FBA-5B2BC29C08B3}.Release|Any CPU.Build.0 = Release|Any CPU
		{A68E3B91-1474-486B-A34D-81DE87DDE235}.Debug|Any CPU.ActiveCfg = Debug|Any CPU
		{A68E3B91-1474-486B-A34D-81DE87DDE235}.Debug|Any CPU.Build.0 = Debug|Any CPU
		{A68E3B91-1474-486B-A34D-81DE87DDE235}.Release|Any CPU.ActiveCfg = Release|Any CPU
		{A68E3B91-1474-486B-A34D-81DE87DDE235}.Release|Any CPU.Build.0 = Release|Any CPU
	EndGlobalSection
	GlobalSection(SolutionProperties) = preSolution
		HideSolutionNode = FALSE
	EndGlobalSection
	GlobalSection(ExtensibilityGlobals) = postSolution
		SolutionGuid = {A89E47A9-12E7-41BF-A26A-3B0CC1E6FFBA}
	EndGlobalSection
EndGlobal
